Microsoft Visual Studio Solution File, Format Version 12.00
# Visual Studio Version 17
VisualStudioVersion = 17.5.2.0
MinimumVisualStudioVersion = 10.0.40219.1
Project("{FAE04EC0-301F-11D3-BF4B-00C04F79EFBC}") = "DesafioAxians", "DesafioAxians.csproj", "{8445F8F0-3237-17E9-C473-E06FFDAEC484}"
EndProject
Global
	GlobalSection(SolutionConfigurationPlatforms) = preSolution
		Debug|Any CPU = Debug|Any CPU
		Release|Any CPU = Release|Any CPU
	EndGlobalSection
	GlobalSection(ProjectConfigurationPlatforms) = postSolution
		{8445F8F0-3237-17E9-C473-E06FFDAEC484}.Debug|Any CPU.ActiveCfg = Debug|Any CPU
		{8445F8F0-3237-17E9-C473-E06FFDAEC484}.Debug|Any CPU.Build.0 = Debug|Any CPU
		{8445F8F0-3237-17E9-C473-E06FFDAEC484}.Release|Any CPU.ActiveCfg = Release|Any CPU
		{8445F8F0-3237-17E9-C473-E06FFDAEC484}.Release|Any CPU.Build.0 = Release|Any CPU
	EndGlobalSection
	GlobalSection(SolutionProperties) = preSolution
		HideSolutionNode = FALSE
	EndGlobalSection
	GlobalSection(ExtensibilityGlobals) = postSolution
		SolutionGuid = {58AEAD5A-7948-4034-8C7F-6882978BA535}
	EndGlobalSection
EndGlobal
